<Solution>
  <Project Path="OOP_1Lab/OOP_1Lab_1Task.csproj" />
  <Project Path="OOP_1Lab_3Task/OOP_1Lab_3Task.csproj" Id="a3a9e0e0-7c2f-4e50-a2e8-bdf70f024172" />
  <Project Path="OOP_1Lab_4Task/OOP_1Lab_4Task.csproj" Id="0aafcbea-5fb6-4357-811e-177bee3b0582" />
  <Project Path="OOP_1Lab_5Task/OOP_1Lab_5Task.csproj" Id="3fb3a734-79d6-4051-8711-c4c4aa998e4d" />
  <Project Path="OOP_1Lab_6Task/OOP_1Lab_6Task.csproj" Id="d4d65472-bd27-4ebd-b05b-228ab20b005c" />
  <Project Path="OPP_1Lab_2Task/OPP_1Lab_2Task.csproj" />
</Solution>
